
Microsoft Visual Studio Solution File, Format Version 12.00
# Visual Studio 15
VisualStudioVersion = 15.0.28307.902
MinimumVisualStudioVersion = 10.0.40219.1
Project("{FAE04EC0-301F-11D3-BF4B-00C04F79EFBC}") = "OpMail", "OpMail\OpMail.csproj", "{187B696E-E511-44C6-BCD9-1DDBEE806EE2}"
EndProject
Project("{FAE04EC0-301F-11D3-BF4B-00C04F79EFBC}") = "EmailSender", "EmailSender\EmailSender.csproj", "{C13EA75C-1D57-4FC0-9417-BA465CE59DCE}"
EndProject
Global
	GlobalSection(SolutionConfigurationPlatforms) = preSolution
		Debug|Any CPU = Debug|Any CPU
		Release|Any CPU = Release|Any CPU
	EndGlobalSection
	GlobalSection(ProjectConfigurationPlatforms) = postSolution
		{187B696E-E511-44C6-BCD9-1DDBEE806EE2}.Debug|Any CPU.ActiveCfg = Debug|Any CPU
		{187B696E-E511-44C6-BCD9-1DDBEE806EE2}.Debug|Any CPU.Build.0 = Debug|Any CPU
		{187B696E-E511-44C6-BCD9-1DDBEE806EE2}.Release|Any CPU.ActiveCfg = Release|Any CPU
		{187B696E-E511-44C6-BCD9-1DDBEE806EE2}.Release|Any CPU.Build.0 = Release|Any CPU
		{C13EA75C-1D57-4FC0-9417-BA465CE59DCE}.Debug|Any CPU.ActiveCfg = Debug|Any CPU
		{C13EA75C-1D57-4FC0-9417-BA465CE59DCE}.Debug|Any CPU.Build.0 = Debug|Any CPU
		{C13EA75C-1D57-4FC0-9417-BA465CE59DCE}.Release|Any CPU.ActiveCfg = Release|Any CPU
		{C13EA75C-1D57-4FC0-9417-BA465CE59DCE}.Release|Any CPU.Build.0 = Release|Any CPU
	EndGlobalSection
	GlobalSection(SolutionProperties) = preSolution
		HideSolutionNode = FALSE
	EndGlobalSection
	GlobalSection(ExtensibilityGlobals) = postSolution
		SolutionGuid = {1141DAFD-734D-445C-A4EE-425C80F67781}
	EndGlobalSection
EndGlobal
